Microsoft Visual Studio Solution File, Format Version 12.00
# Visual Studio Version 17
VisualStudioVersion = 17.5.2.0
MinimumVisualStudioVersion = 10.0.40219.1
Project("{FAE04EC0-301F-11D3-BF4B-00C04F79EFBC}") = "FinCalc.MoexApi", "FinCalc.MoexApi.csproj", "{D80AF2DA-C84E-EBF0-4B3D-34A5842518CB}"
EndProject
Global
	GlobalSection(SolutionConfigurationPlatforms) = preSolution
		Debug|Any CPU = Debug|Any CPU
		Release|Any CPU = Release|Any CPU
	EndGlobalSection
	GlobalSection(ProjectConfigurationPlatforms) = postSolution
		{D80AF2DA-C84E-EBF0-4B3D-34A5842518CB}.Debug|Any CPU.ActiveCfg = Debug|Any CPU
		{D80AF2DA-C84E-EBF0-4B3D-34A5842518CB}.Debug|Any CPU.Build.0 = Debug|Any CPU
		{D80AF2DA-C84E-EBF0-4B3D-34A5842518CB}.Release|Any CPU.ActiveCfg = Release|Any CPU
		{D80AF2DA-C84E-EBF0-4B3D-34A5842518CB}.Release|Any CPU.Build.0 = Release|Any CPU
	EndGlobalSection
	GlobalSection(SolutionProperties) = preSolution
		HideSolutionNode = FALSE
	EndGlobalSection
	GlobalSection(ExtensibilityGlobals) = postSolution
		SolutionGuid = {FFC62433-578E-4E72-B1D4-28F7D5B6D518}
	EndGlobalSection
EndGlobal
